
Microsoft Visual Studio Solution File, Format Version 12.00
# Visual Studio 14
VisualStudioVersion = 14.0.25420.1
MinimumVisualStudioVersion = 10.0.40219.1
Project("{159641D6-6404-4A2A-AE62-294DE0FE8301}") = "Clientes Africa", "Clientes Africa\Clientes Africa.dtproj", "{07D84246-8CDA-4450-B7DA-8EAB0B28C435}"
EndProject
Global
	GlobalSection(SolutionConfigurationPlatforms) = preSolution
		Development|Default = Development|Default
	EndGlobalSection
	GlobalSection(ProjectConfigurationPlatforms) = postSolution
		{07D84246-8CDA-4450-B7DA-8EAB0B28C435}.Development|Default.ActiveCfg = Development
		{07D84246-8CDA-4450-B7DA-8EAB0B28C435}.Development|Default.Build.0 = Development
	EndGlobalSection
	GlobalSection(SolutionProperties) = preSolution
		HideSolutionNode = FALSE
	EndGlobalSection
EndGlobal
